
Microsoft Visual Studio Solution File, Format Version 12.00
# Visual Studio Version 17
VisualStudioVersion = 17.7.34221.43
MinimumVisualStudioVersion = 10.0.40219.1
Project("{FAE04EC0-301F-11D3-BF4B-00C04F79EFBC}") = "PhotoMove", "PhotoMove\PhotoMove.csproj", "{115AF049-4CD7-4A67-9B1C-75F454654369}"
EndProject
Global
	GlobalSection(SolutionConfigurationPlatforms) = preSolution
		Debug|Any CPU = Debug|Any CPU
		Release|Any CPU = Release|Any CPU
	EndGlobalSection
	GlobalSection(ProjectConfigurationPlatforms) = postSolution
		{115AF049-4CD7-4A67-9B1C-75F454654369}.Debug|Any CPU.ActiveCfg = Debug|Any CPU
		{115AF049-4CD7-4A67-9B1C-75F454654369}.Debug|Any CPU.Build.0 = Debug|Any CPU
		{115AF049-4CD7-4A67-9B1C-75F454654369}.Release|Any CPU.ActiveCfg = Release|Any CPU
		{115AF049-4CD7-4A67-9B1C-75F454654369}.Release|Any CPU.Build.0 = Release|Any CPU
	EndGlobalSection
	GlobalSection(SolutionProperties) = preSolution
		HideSolutionNode = FALSE
	EndGlobalSection
	GlobalSection(ExtensibilityGlobals) = postSolution
		SolutionGuid = {7DA4EBB0-E7BB-48F7-BB1D-D2CB0CB74CEE}
	EndGlobalSection
EndGlobal
